// !$*UTF8*$!
{
	archiveVersion = 1;
	classes = {
	};
	objectVersion = 50;
	objects = {

/* Begin PBXBuildFile section */
		E51C1AE325A31C0600721BE1 /* AppDelegate.swift in Sources */ = {isa = PBXBuildFile; fileRef = E51C1AE225A31C0600721BE1 /* AppDelegate.swift */; };
		E51C1AE525A31C0600721BE1 /* SceneDelegate.swift in Sources */ = {isa = PBXBuildFile; fileRef = E51C1AE425A31C0600721BE1 /* SceneDelegate.swift */; };
		E51C1AE725A31C0600721BE1 /* ContentView.swift in Sources */ = {isa = PBXBuildFile; fileRef = E51C1AE625A31C0600721BE1 /* ContentView.swift */; };
		E51C1AE925A31C0B00721BE1 /* Assets.xcassets in Resources */ = {isa = PBXBuildFile; fileRef = E51C1AE825A31C0B00721BE1 /* Assets.xcassets */; };
		E51C1AEC25A31C0B00721BE1 /* Preview Assets.xcassets in Resources */ = {isa = PBXBuildFile; fileRef = E51C1AEB25A31C0B00721BE1 /* Preview Assets.xcassets */; };
		E51C1AEF25A31C0B00721BE1 /* LaunchScreen.storyboard in Resources */ = {isa = PBXBuildFile; fileRef = E51C1AED25A31C0B00721BE1 /* LaunchScreen.storyboard */; };
		E55AC64725A74C780026489A /* TripRanking.json in Resources */ = {isa = PBXBuildFile; fileRef = E55AC64625A74C780026489A /* TripRanking.json */; };
		E55AC64A25A74D0B0026489A /* TripRanking.swift in Sources */ = {isa = PBXBuildFile; fileRef = E55AC64925A74D0B0026489A /* TripRanking.swift */; };
/* End PBXBuildFile section */

/* Begin PBXFileReference section */
		E51C1ADF25A31C0600721BE1 /* OkinawaRanking.app */ = {isa = PBXFileReference; explicitFileType = wrapper.application; includeInIndex = 0; path = OkinawaRanking.app; sourceTree = BUILT_PRODUCTS_DIR; };
		E51C1AE225A31C0600721BE1 /* AppDelegate.swift */ = {isa = PBXFileReference; lastKnownFileType = sourcecode.swift; path = AppDelegate.swift; sourceTree = "<group>"; };
		E51C1AE425A31C0600721BE1 /* SceneDelegate.swift */ = {isa = PBXFileReference; lastKnownFileType = sourcecode.swift; path = SceneDelegate.swift; sourceTree = "<group>"; };
		E51C1AE625A31C0600721BE1 /* ContentView.swift */ = {isa = PBXFileReference; lastKnownFileType = sourcecode.swift; path = ContentView.swift; sourceTree = "<group>"; };
		E51C1AE825A31C0B00721BE1 /* Assets.xcassets */ = {isa = PBXFileReference; lastKnownFileType = folder.assetcatalog; path = Assets.xcassets; sourceTree = "<group>"; };
		E51C1AEB25A31C0B00721BE1 /* Preview Assets.xcassets */ = {isa = PBXFileReference; lastKnownFileType = folder.assetcatalog; path = "Preview Assets.xcassets"; sourceTree = "<group>"; };
		E51C1AEE25A31C0B00721BE1 /* Base */ = {isa = PBXFileReference; lastKnownFileType = file.storyboard; name = Base; path = Base.lproj/LaunchScreen.storyboard; sourceTree = "<group>"; };
		E51C1AF025A31C0B00721BE1 /* Info.plist */ = {isa = PBXFileReference; lastKnownFileType = text.plist.xml; path = Info.plist; sourceTree = "<group>"; };
		E55AC64625A74C780026489A /* TripRanking.json */ = {isa = PBXFileReference; lastKnownFileType = text.json; path = TripRanking.json; sourceTree = "<group>"; };
		E55AC64925A74D0B0026489A /* TripRanking.swift */ = {isa = PBXFileReference; lastKnownFileType = sourcecode.swift; path = TripRanking.swift; sourceTree = "<group>"; };
/* End PBXFileReference section */

/* Begin PBXFrameworksBuildPhase section */
		E51C1ADC25A31C0600721BE1 /* Frameworks */ = {
			isa = PBXFrameworksBuildPhase;
			buildActionMask = 2147483647;
			files = (
			);
			runOnlyForDeploymentPostprocessing = 0;
		};
/* End PBXFrameworksBuildPhase section */

/* Begin PBXGroup section */
		E51C1AD625A31C0600721BE1 = {
			isa = PBXGroup;
			children = (
				E51C1AE125A31C0600721BE1 /* OkinawaRanking */,
				E51C1AE025A31C0600721BE1 /* Products */,
			);
			sourceTree = "<group>";
		};
		E51C1AE025A31C0600721BE1 /* Products */ = {
			isa = PBXGroup;
			children = (
				E51C1ADF25A31C0600721BE1 /* OkinawaRanking.app */,
			);
			name = Products;
			sourceTree = "<group>";
		};
		E51C1AE125A31C0600721BE1 /* OkinawaRanking */ = {
			isa = PBXGroup;
			children = (
				E51C1AE225A31C0600721BE1 /* AppDelegate.swift */,
				E51C1AE425A31C0600721BE1 /* SceneDelegate.swift */,
				E51C1AE625A31C0600721BE1 /* ContentView.swift */,
				E55AC64925A74D0B0026489A /* TripRanking.swift */,
				E55AC64625A74C780026489A /* TripRanking.json */,
				E51C1AE825A31C0B00721BE1 /* Assets.xcassets */,
				E51C1AED25A31C0B00721BE1 /* LaunchScreen.storyboard */,
				E51C1AF025A31C0B00721BE1 /* Info.plist */,
				E51C1AEA25A31C0B00721BE1 /* Preview Content */,
			);
			path = OkinawaRanking;
			sourceTree = "<group>";
		};
		E51C1AEA25A31C0B00721BE1 /* Preview Content */ = {
			isa = PBXGroup;
			children = (
				E51C1AEB25A31C0B00721BE1 /* Preview Assets.xcassets */,
			);
			path = "Preview Content";
			sourceTree = "<group>";
		};
/* End PBXGroup section */

/* Begin PBXNativeTarget section */
		E51C1ADE25A31C0600721BE1 /* OkinawaRanking */ = {
			isa = PBXNativeTarget;
			buildConfigurationList = E51C1AF325A31C0B00721BE1 /* Build configuration list for PBXNativeTarget "OkinawaRanking" */;
			buildPhases = (
				E51C1ADB25A31C0600721BE1 /* Sources */,
				E51C1ADC25A31C0600721BE1 /* Frameworks */,
				E51C1ADD25A31C0600721BE1 /* Resources */,
			);
			buildRules = (
			);
			dependencies = (
			);
			name = OkinawaRanking;
			productName = OkinawaRanking;
			productReference = E51C1ADF25A31C0600721BE1 /* OkinawaRanking.app */;
			productType = "com.apple.product-type.application";
		};
/* End PBXNativeTarget section */

/* Begin PBXProject section */
		E51C1AD725A31C0600721BE1 /* Project object */ = {
			isa = PBXProject;
			attributes = {
				LastSwiftUpdateCheck = 1230;
				LastUpgradeCheck = 1230;
				TargetAttributes = {
					E51C1ADE25A31C0600721BE1 = {
						CreatedOnToolsVersion = 12.3;
					};
				};
			};
			buildConfigurationList = E51C1ADA25A31C0600721BE1 /* Build configuration list for PBXProject "OkinawaRanking" */;
			compatibilityVersion = "Xcode 9.3";
			developmentRegion = en;
			hasScannedForEncodings = 0;
			knownRegions = (
				en,
				Base,
			);
			mainGroup = E51C1AD625A31C0600721BE1;
			productRefGroup = E51C1AE025A31C0600721BE1 /* Products */;
			projectDirPath = "";
			projectRoot = "";
			targets = (
				E51C1ADE25A31C0600721BE1 /* OkinawaRanking */,
			);
		};
/* End PBXProject section */

/* Begin PBXResourcesBuildPhase section */
		E51C1ADD25A31C0600721BE1 /* Resources */ = {
			isa = PBXResourcesBuildPhase;
			buildActionMask = 2147483647;
			files = (
				E51C1AEF25A31C0B00721BE1 /* LaunchScreen.storyboard in Resources */,
				E55AC64725A74C780026489A /* TripRanking.json in Resources */,
				E51C1AEC25A31C0B00721BE1 /* Preview Assets.xcassets in Resources */,
				E51C1AE925A31C0B00721BE1 /* Assets.xcassets in Resources */,
			);
			runOnlyForDeploymentPostprocessing = 0;
		};
/* End PBXResourcesBuildPhase section */

/* Begin PBXSourcesBuildPhase section */
		E51C1ADB25A31C0600721BE1 /* Sources */ = {
			isa = PBXSourcesBuildPhase;
			buildActionMask = 2147483647;
			files = (
				E51C1AE325A31C0600721BE1 /* AppDelegate.swift in Sources */,
				E55AC64A25A74D0B0026489A /* TripRanking.swift in Sources */,
				E51C1AE525A31C0600721BE1 /* SceneDelegate.swift in Sources */,
				E51C1AE725A31C0600721BE1 /* ContentView.swift in Sources */,
			);
			runOnlyForDeploymentPostprocessing = 0;
		};
/* End PBXSourcesBuildPhase section */

/* Begin PBXVariantGroup section */
		E51C1AED25A31C0B00721BE1 /* LaunchScreen.storyboard */ = {
			isa = PBXVariantGroup;
			children = (
				E51C1AEE25A31C0B00721BE1 /* Base */,
			);
			name = LaunchScreen.storyboard;
			sourceTree = "<group>";
		};
/* End PBXVariantGroup section */

/* Begin XCBuildConfiguration section */
		E51C1AF125A31C0B00721BE1 /* Debug */ = {
			isa = XCBuildConfiguration;
			buildSettings = {
				ALWAYS_SEARCH_USER_PATHS = NO;
				CLANG_ANALYZER_NONNULL = YES;
				CLANG_ANALYZER_NUMBER_OBJECT_CONVERSION = YES_AGGRESSIVE;
				CLANG_CXX_LANGUAGE_STANDARD = "gnu++14";
				CLANG_CXX_LIBRARY = "libc++";
				CLANG_ENABLE_MODULES = YES;
				CLANG_ENABLE_OBJC_ARC = YES;
				CLANG_ENABLE_OBJC_WEAK = YES;
				CLANG_WARN_BLOCK_CAPTURE_AUTORELEASING = YES;
				CLANG_WARN_BOOL_CONVERSION = YES;
				CLANG_WARN_COMMA = YES;
				CLANG_WARN_CONSTANT_CONVERSION = YES;
				CLANG_WARN_DEPRECATED_OBJC_IMPLEMENTATIONS = YES;
				CLANG_WARN_DIRECT_OBJC_ISA_USAGE = YES_ERROR;
				CLANG_WARN_DOCUMENTATION_COMMENTS = YES;
				CLANG_WARN_EMPTY_BODY = YES;
				CLANG_WARN_ENUM_CONVERSION = YES;
				CLANG_WARN_INFINITE_RECURSION = YES;
				CLANG_WARN_INT_CONVERSION = YES;
				CLANG_WARN_NON_LITERAL_NULL_CONVERSION = YES;
				CLANG_WARN_OBJC_IMPLICIT_RETAIN_SELF = YES;
				CLANG_WARN_OBJC_LITERAL_CONVERSION = YES;
				CLANG_WARN_OBJC_ROOT_CLASS = YES_ERROR;
				CLANG_WARN_QUOTED_INCLUDE_IN_FRAMEWORK_HEADER = YES;
				CLANG_WARN_RANGE_LOOP_ANALYSIS = YES;
				CLANG_WARN_STRICT_PROTOTYPES = YES;
				CLANG_WARN_SUSPICIOUS_MOVE = YES;
				CLANG_WARN_UNGUARDED_AVAILABILITY = YES_AGGRESSIVE;
				CLANG_WARN_UNREACHABLE_CODE = YES;
				CLANG_WARN__DUPLICATE_METHOD_MATCH = YES;
				COPY_PHASE_STRIP = NO;
				DEBUG_INFORMATION_FORMAT = dwarf;
				ENABLE_STRICT_OBJC_MSGSEND = YES;
				ENABLE_TESTABILITY = YES;
				GCC_C_LANGUAGE_STANDARD = gnu11;
				GCC_DYNAMIC_NO_PIC = NO;
				GCC_NO_COMMON_BLOCKS = YES;
				GCC_OPTIMIZATION_LEVEL = 0;
				GCC_PREPROCESSOR_DEFINITIONS = (
					"DEBUG=1",
					"$(inherited)",
				);
				GCC_WARN_64_TO_32_BIT_CONVERSION = YES;
				GCC_WARN_ABOUT_RETURN_TYPE = YES_ERROR;
				GCC_WARN_UNDECLARED_SELECTOR = YES;
				GCC_WARN_UNINITIALIZED_AUTOS = YES_AGGRESSIVE;
				GCC_WARN_UNUSED_FUNCTION = YES;
				GCC_WARN_UNUSED_VARIABLE = YES;
				IPHONEOS_DEPLOYMENT_TARGET = 14.3;
				MTL_ENABLE_DEBUG_INFO = INCLUDE_SOURCE;
				MTL_FAST_MATH = YES;
				ONLY_ACTIVE_ARCH = YES;
				SDKROOT = iphoneos;
				SWIFT_ACTIVE_COMPILATION_CONDITIONS = DEBUG;
				SWIFT_OPTIMIZATION_LEVEL = "-Onone";
			};
			name = Debug;
		};
		E51C1AF225A31C0B00721BE1 /* Release */ = {
			isa = XCBuildConfiguration;
			buildSettings = {
				ALWAYS_SEARCH_USER_PATHS = NO;
				CLANG_ANALYZER_NONNULL = YES;
				CLANG_ANALYZER_NUMBER_OBJECT_CONVERSION = YES_AGGRESSIVE;
				CLANG_CXX_LANGUAGE_STANDARD = "gnu++14";
				CLANG_CXX_LIBRARY = "libc++";
				CLANG_ENABLE_MODULES = YES;
				CLANG_ENABLE_OBJC_ARC = YES;
				CLANG_ENABLE_OBJC_WEAK = YES;
				CLANG_WARN_BLOCK_CAPTURE_AUTORELEASING = YES;
				CLANG_WARN_BOOL_CONVERSION = YES;
				CLANG_WARN_COMMA = YES;
				CLANG_WARN_CONSTANT_CONVERSION = YES;
				CLANG_WARN_DEPRECATED_OBJC_IMPLEMENTATIONS = YES;
				CLANG_WARN_DIRECT_OBJC_ISA_USAGE = YES_ERROR;
				CLANG_WARN_DOCUMENTATION_COMMENTS = YES;
				CLANG_WARN_EMPTY_BODY = YES;
				CLANG_WARN_ENUM_CONVERSION = YES;
				CLANG_WARN_INFINITE_RECURSION = YES;
				CLANG_WARN_INT_CONVERSION = YES;
				CLANG_WARN_NON_LITERAL_NULL_CONVERSION = YES;
				CLANG_WARN_OBJC_IMPLICIT_RETAIN_SELF = YES;
				CLANG_WARN_OBJC_LITERAL_CONVERSION = YES;
				CLANG_WARN_OBJC_ROOT_CLASS = YES_ERROR;
				CLANG_WARN_QUOTED_INCLUDE_IN_FRAMEWORK_HEADER = YES;
				CLANG_WARN_RANGE_LOOP_ANALYSIS = YES;
				CLANG_WARN_STRICT_PROTOTYPES = YES;
				CLANG_WARN_SUSPICIOUS_MOVE = YES;
				CLANG_WARN_UNGUARDED_AVAILABILITY = YES_AGGRESSIVE;
				CLANG_WARN_UNREACHABLE_CODE = YES;
				CLANG_WARN__DUPLICATE_METHOD_MATCH = YES;
				COPY_PHASE_STRIP = NO;
				DEBUG_INFORMATION_FORMAT = "dwarf-with-dsym";
				ENABLE_NS_ASSERTIONS = NO;
				ENABLE_STRICT_OBJC_MSGSEND = YES;
				GCC_C_LANGUAGE_STANDARD = gnu11;
				GCC_NO_COMMON_BLOCKS = YES;
				GCC_WARN_64_TO_32_BIT_CONVERSION = YES;
				GCC_WARN_ABOUT_RETURN_TYPE = YES_ERROR;
				GCC_WARN_UNDECLARED_SELECTOR = YES;
				GCC_WARN_UNINITIALIZED_AUTOS = YES_AGGRESSIVE;
				GCC_WARN_UNUSED_FUNCTION = YES;
				GCC_WARN_UNUSED_VARIABLE = YES;
				IPHONEOS_DEPLOYMENT_TARGET = 14.3;
				MTL_ENABLE_DEBUG_INFO = NO;
				MTL_FAST_MATH = YES;
				SDKROOT = iphoneos;
				SWIFT_COMPILATION_MODE = wholemodule;
				SWIFT_OPTIMIZATION_LEVEL = "-O";
				VALIDATE_PRODUCT = YES;
			};
			name = Release;
		};
		E51C1AF425A31C0B00721BE1 /* Debug */ = {
			isa = XCBuildConfiguration;
			buildSettings = {
				ASSETCATALOG_COMPILER_APPICON_NAME = AppIcon;
				ASSETCATALOG_COMPILER_GLOBAL_ACCENT_COLOR_NAME = AccentColor;
				CODE_SIGN_STYLE = Automatic;
				DEVELOPMENT_ASSET_PATHS = "\"OkinawaRanking/Preview Content\"";
				DEVELOPMENT_TEAM = 9ZJH93GWP3;
				ENABLE_PREVIEWS = YES;
				INFOPLIST_FILE = OkinawaRanking/Info.plist;
				LD_RUNPATH_SEARCH_PATHS = (
					"$(inherited)",
					"@executable_path/Frameworks",
				);
				PRODUCT_BUNDLE_IDENTIFIER = kazuya.OkinawaRanking;
				PRODUCT_NAME = "$(TARGET_NAME)";
				SWIFT_VERSION = 5.0;
				TARGETED_DEVICE_FAMILY = "1,2";
			};
			name = Debug;
		};
		E51C1AF525A31C0B00721BE1 /* Release */ = {
			isa = XCBuildConfiguration;
			buildSettings = {
				ASSETCATALOG_COMPILER_APPICON_NAME = AppIcon;
				ASSETCATALOG_COMPILER_GLOBAL_ACCENT_COLOR_NAME = AccentColor;
				CODE_SIGN_STYLE = Automatic;
				DEVELOPMENT_ASSET_PATHS = "\"OkinawaRanking/Preview Content\"";
				DEVELOPMENT_TEAM = 9ZJH93GWP3;
				ENABLE_PREVIEWS = YES;
				INFOPLIST_FILE = OkinawaRanking/Info.plist;
				LD_RUNPATH_SEARCH_PATHS = (
					"$(inherited)",
					"@executable_path/Frameworks",
				);
				PRODUCT_BUNDLE_IDENTIFIER = kazuya.OkinawaRanking;
				PRODUCT_NAME = "$(TARGET_NAME)";
				SWIFT_VERSION = 5.0;
				TARGETED_DEVICE_FAMILY = "1,2";
			};
			name = Release;
		};
/* End XCBuildConfiguration section */

/* Begin XCConfigurationList section */
		E51C1ADA25A31C0600721BE1 /* Build configuration list for PBXProject "OkinawaRanking" */ = {
			isa = XCConfigurationList;
			buildConfigurations = (
				E51C1AF125A31C0B00721BE1 /* Debug */,
				E51C1AF225A31C0B00721BE1 /* Release */,
			);
			defaultConfigurationIsVisible = 0;
			defaultConfigurationName = Release;
		};
		E51C1AF325A31C0B00721BE1 /* Build configuration list for PBXNativeTarget "OkinawaRanking" */ = {
			isa = XCConfigurationList;
			buildConfigurations = (
				E51C1AF425A31C0B00721BE1 /* Debug */,
				E51C1AF525A31C0B00721BE1 /* Release */,
			);
			defaultConfigurationIsVisible = 0;
			defaultConfigurationName = Release;
		};
/* End XCConfigurationList section */
	};
	rootObject = E51C1AD725A31C0600721BE1 /* Project object */;
}
